
Microsoft Visual Studio Solution File, Format Version 12.00
# Visual Studio 15
Project("{FAE04EC0-301F-11D3-BF4B-00C04F79EFBC}") = "Application", "Application\Application.csproj", "{E4958AE7-3021-42EE-A5A8-A34BAB7C5062}"
EndProject
Project("{FAE04EC0-301F-11D3-BF4B-00C04F79EFBC}") = "Infrastructure.UnitTest", "Infrastructure.UnitTest\Infrastructure.UnitTest.csproj", "{A77EDB97-785E-43B7-A7E0-B60D2E636492}"
EndProject
Project("{FAE04EC0-301F-11D3-BF4B-00C04F79EFBC}") = "Infrastructure", "Infrastructure\Infrastructure.csproj", "{3D79497C-6D71-431A-B998-D1915F04D123}"
EndProject
Project("{FAE04EC0-301F-11D3-BF4B-00C04F79EFBC}") = "Core", "Core\Core.csproj", "{46B74AEA-82A3-4750-BA45-7D78B0CD8EF7}"
EndProject
Global
	GlobalSection(SolutionConfigurationPlatforms) = preSolution
		Debug|Any CPU = Debug|Any CPU
		Release|Any CPU = Release|Any CPU
	EndGlobalSection
	GlobalSection(ProjectConfigurationPlatforms) = postSolution
		{E4958AE7-3021-42EE-A5A8-A34BAB7C5062}.Debug|Any CPU.ActiveCfg = Debug|Any CPU
		{E4958AE7-3021-42EE-A5A8-A34BAB7C5062}.Debug|Any CPU.Build.0 = Debug|Any CPU
		{E4958AE7-3021-42EE-A5A8-A34BAB7C5062}.Release|Any CPU.ActiveCfg = Release|Any CPU
		{E4958AE7-3021-42EE-A5A8-A34BAB7C5062}.Release|Any CPU.Build.0 = Release|Any CPU
		{A77EDB97-785E-43B7-A7E0-B60D2E636492}.Debug|Any CPU.ActiveCfg = Debug|Any CPU
		{A77EDB97-785E-43B7-A7E0-B60D2E636492}.Debug|Any CPU.Build.0 = Debug|Any CPU
		{A77EDB97-785E-43B7-A7E0-B60D2E636492}.Release|Any CPU.ActiveCfg = Release|Any CPU
		{A77EDB97-785E-43B7-A7E0-B60D2E636492}.Release|Any CPU.Build.0 = Release|Any CPU
		{3D79497C-6D71-431A-B998-D1915F04D123}.Debug|Any CPU.ActiveCfg = Debug|Any CPU
		{3D79497C-6D71-431A-B998-D1915F04D123}.Debug|Any CPU.Build.0 = Debug|Any CPU
		{3D79497C-6D71-431A-B998-D1915F04D123}.Release|Any CPU.ActiveCfg = Release|Any CPU
		{3D79497C-6D71-431A-B998-D1915F04D123}.Release|Any CPU.Build.0 = Release|Any CPU
		{46B74AEA-82A3-4750-BA45-7D78B0CD8EF7}.Debug|Any CPU.ActiveCfg = Debug|Any CPU
		{46B74AEA-82A3-4750-BA45-7D78B0CD8EF7}.Debug|Any CPU.Build.0 = Debug|Any CPU
		{46B74AEA-82A3-4750-BA45-7D78B0CD8EF7}.Release|Any CPU.ActiveCfg = Release|Any CPU
		{46B74AEA-82A3-4750-BA45-7D78B0CD8EF7}.Release|Any CPU.Build.0 = Release|Any CPU
	EndGlobalSection
EndGlobal
