
Microsoft Visual Studio Solution File, Format Version 12.00
# Visual Studio 15
Project("{FAE04EC0-301F-11D3-BF4B-00C04F79EFBC}") = "BlazorClient", "BlazorClient\BlazorClient.csproj", "{9AA316DF-D24B-4D30-BFC9-EC461E7D13BC}"
EndProject
Project("{FAE04EC0-301F-11D3-BF4B-00C04F79EFBC}") = "Engine", "Engine\Engine.csproj", "{2A245CEE-4D05-4956-83C3-92AA2CF19973}"
EndProject
Global
	GlobalSection(SolutionConfigurationPlatforms) = preSolution
		Debug|Any CPU = Debug|Any CPU
		Release|Any CPU = Release|Any CPU
	EndGlobalSection
	GlobalSection(ProjectConfigurationPlatforms) = postSolution
		{9AA316DF-D24B-4D30-BFC9-EC461E7D13BC}.Debug|Any CPU.ActiveCfg = Debug|Any CPU
		{9AA316DF-D24B-4D30-BFC9-EC461E7D13BC}.Debug|Any CPU.Build.0 = Debug|Any CPU
		{9AA316DF-D24B-4D30-BFC9-EC461E7D13BC}.Release|Any CPU.ActiveCfg = Release|Any CPU
		{9AA316DF-D24B-4D30-BFC9-EC461E7D13BC}.Release|Any CPU.Build.0 = Release|Any CPU
		{2A245CEE-4D05-4956-83C3-92AA2CF19973}.Debug|Any CPU.ActiveCfg = Debug|Any CPU
		{2A245CEE-4D05-4956-83C3-92AA2CF19973}.Debug|Any CPU.Build.0 = Debug|Any CPU
		{2A245CEE-4D05-4956-83C3-92AA2CF19973}.Release|Any CPU.ActiveCfg = Release|Any CPU
		{2A245CEE-4D05-4956-83C3-92AA2CF19973}.Release|Any CPU.Build.0 = Release|Any CPU
	EndGlobalSection
	GlobalSection(NestedProjects) = preSolution
	EndGlobalSection
EndGlobal
